
Microsoft Visual Studio Solution File, Format Version 12.00
# Visual Studio Version 17
VisualStudioVersion = 17.11.35222.181
MinimumVisualStudioVersion = 10.0.40219.1
Project("{888888A0-9F3D-457C-B088-3A5042F75D52}") = "games_training", "games_training\games_training.pyproj", "{E6D601C5-029B-45F5-B3F3-18149B98779E}"
EndProject
Global
	GlobalSection(SolutionConfigurationPlatforms) = preSolution
		Debug|Any CPU = Debug|Any CPU
		Release|Any CPU = Release|Any CPU
	EndGlobalSection
	GlobalSection(ProjectConfigurationPlatforms) = postSolution
		{E6D601C5-029B-45F5-B3F3-18149B98779E}.Debug|Any CPU.ActiveCfg = Debug|Any CPU
		{E6D601C5-029B-45F5-B3F3-18149B98779E}.Release|Any CPU.ActiveCfg = Release|Any CPU
	EndGlobalSection
	GlobalSection(SolutionProperties) = preSolution
		HideSolutionNode = FALSE
	EndGlobalSection
	GlobalSection(ExtensibilityGlobals) = postSolution
		SolutionGuid = {24975CC3-7A0B-4C69-91AC-2BF75011D45F}
	EndGlobalSection
EndGlobal
